
Microsoft Visual Studio Solution File, Format Version 12.00
# Visual Studio Version 16
VisualStudioVersion = 16.0.29920.165
MinimumVisualStudioVersion = 10.0.40219.1
Project("{FAE04EC0-301F-11D3-BF4B-00C04F79EFBC}") = "WebAppSGL1", "WebAppSGL1\WebAppSGL1.csproj", "{A7A8E8A7-266B-46D0-83C9-BEAFD8F515CA}"
EndProject
Global
	GlobalSection(SolutionConfigurationPlatforms) = preSolution
		Debug|Any CPU = Debug|Any CPU
		Release|Any CPU = Release|Any CPU
	EndGlobalSection
	GlobalSection(ProjectConfigurationPlatforms) = postSolution
		{A7A8E8A7-266B-46D0-83C9-BEAFD8F515CA}.Debug|Any CPU.ActiveCfg = Debug|Any CPU
		{A7A8E8A7-266B-46D0-83C9-BEAFD8F515CA}.Debug|Any CPU.Build.0 = Debug|Any CPU
		{A7A8E8A7-266B-46D0-83C9-BEAFD8F515CA}.Release|Any CPU.ActiveCfg = Release|Any CPU
		{A7A8E8A7-266B-46D0-83C9-BEAFD8F515CA}.Release|Any CPU.Build.0 = Release|Any CPU
	EndGlobalSection
	GlobalSection(SolutionProperties) = preSolution
		HideSolutionNode = FALSE
	EndGlobalSection
	GlobalSection(ExtensibilityGlobals) = postSolution
		SolutionGuid = {CD317C55-A060-4B8B-A649-69487BB8F210}
	EndGlobalSection
EndGlobal
